{
  "version": "5",
  "specifiers": {
    "npm:bson@7": "7.0.0",
    "npm:zod@^4.1.12": "4.1.12"
  },
  "npm": {
    "bson@7.0.0": {
      "integrity": "sha512-Kwc6Wh4lQ5OmkqqKhYGKIuELXl+EPYSCObVE6bWsp1T/cGkOCBN0I8wF/T44BiuhHyNi1mmKVPXk60d41xZ7kw=="
    },
    "zod@4.1.12": {
      "integrity": "sha512-JInaHOamG8pt5+Ey8kGmdcAcg3OL9reK8ltczgHTAwNhMys/6ThXHityHxVV2p3fkw/c+MAvBHFVYHFZDmjMCQ=="
    }
  },
  "workspace": {
    "dependencies": [
      "npm:bson@7",
      "npm:zod@^4.1.12"
    ]
  }
}
